// !$*UTF8*$!
{
	archiveVersion = 1;
	classes = {
	};
	objectVersion = 46;
	objects = {

/* Begin PBXBuildFile section */
		84028A791A64C598000F134D /* CLImageEditor.bundle in Resources */ = {isa = PBXBuildFile; fileRef = 84028A271A64C598000F134D /* CLImageEditor.bundle */; };
		84028A7A1A64C598000F134D /* CLImageEditor.m in Sources */ = {isa = PBXBuildFile; fileRef = 84028A291A64C598000F134D /* CLImageEditor.m */; };
		84028A7B1A64C598000F134D /* CLImageEditorTheme.m in Sources */ = {isa = PBXBuildFile; fileRef = 84028A2B1A64C598000F134D /* CLImageEditorTheme.m */; };
		84028A7C1A64C598000F134D /* CLImageToolInfo.m in Sources */ = {isa = PBXBuildFile; fileRef = 84028A2D1A64C598000F134D /* CLImageToolInfo.m */; };
		84028A7D1A64C598000F134D /* CLAdjustmentTool.m in Sources */ = {isa = PBXBuildFile; fileRef = 84028A311A64C598000F134D /* CLAdjustmentTool.m */; };
		84028A7E1A64C598000F134D /* CLBlurTool.m in Sources */ = {isa = PBXBuildFile; fileRef = 84028A341A64C598000F134D /* CLBlurTool.m */; };
		84028A7F1A64C598000F134D /* CLClippingTool.m in Sources */ = {isa = PBXBuildFile; fileRef = 84028A371A64C598000F134D /* CLClippingTool.m */; };
		84028A801A64C598000F134D /* CLDrawTool.m in Sources */ = {isa = PBXBuildFile; fileRef = 84028A3A1A64C598000F134D /* CLDrawTool.m */; };
		84028A811A64C598000F134D /* CLBloomEffect.m in Sources */ = {isa = PBXBuildFile; fileRef = 84028A3E1A64C598000F134D /* CLBloomEffect.m */; };
		84028A821A64C598000F134D /* CLGloomEffect.m in Sources */ = {isa = PBXBuildFile; fileRef = 84028A401A64C598000F134D /* CLGloomEffect.m */; };
		84028A831A64C598000F134D /* CLHighlightShadowEffect.m in Sources */ = {isa = PBXBuildFile; fileRef = 84028A421A64C598000F134D /* CLHighlightShadowEffect.m */; };
		84028A841A64C598000F134D /* CLHueEffect.m in Sources */ = {isa = PBXBuildFile; fileRef = 84028A441A64C598000F134D /* CLHueEffect.m */; };
		84028A851A64C598000F134D /* CLPixellateEffect.m in Sources */ = {isa = PBXBuildFile; fileRef = 84028A461A64C598000F134D /* CLPixellateEffect.m */; };
		84028A861A64C598000F134D /* CLPosterizeEffect.m in Sources */ = {isa = PBXBuildFile; fileRef = 84028A481A64C598000F134D /* CLPosterizeEffect.m */; };
		84028A871A64C598000F134D /* CLSpotEffect.m in Sources */ = {isa = PBXBuildFile; fileRef = 84028A4A1A64C598000F134D /* CLSpotEffect.m */; };
		84028A881A64C598000F134D /* CLEffectBase.m in Sources */ = {isa = PBXBuildFile; fileRef = 84028A4C1A64C598000F134D /* CLEffectBase.m */; };
		84028A891A64C598000F134D /* CLEffectTool.m in Sources */ = {isa = PBXBuildFile; fileRef = 84028A4E1A64C598000F134D /* CLEffectTool.m */; };
		84028A8A1A64C598000F134D /* CLFilterBase.m in Sources */ = {isa = PBXBuildFile; fileRef = 84028A511A64C598000F134D /* CLFilterBase.m */; };
		84028A8B1A64C598000F134D /* CLFilterTool.m in Sources */ = {isa = PBXBuildFile; fileRef = 84028A531A64C598000F134D /* CLFilterTool.m */; };
		84028A8C1A64C598000F134D /* CLImageToolBase.m in Sources */ = {isa = PBXBuildFile; fileRef = 84028A551A64C598000F134D /* CLImageToolBase.m */; };
		84028A8D1A64C598000F134D /* CLRotateTool.m in Sources */ = {isa = PBXBuildFile; fileRef = 84028A581A64C598000F134D /* CLRotateTool.m */; };
		84028A8E1A64C598000F134D /* CLToneCurveTool.m in Sources */ = {isa = PBXBuildFile; fileRef = 84028A5B1A64C598000F134D /* CLToneCurveTool.m */; };
		84028A8F1A64C598000F134D /* CLCircleView.m in Sources */ = {isa = PBXBuildFile; fileRef = 84028A5E1A64C598000F134D /* CLCircleView.m */; };
		84028A901A64C598000F134D /* CLColorPickerView.m in Sources */ = {isa = PBXBuildFile; fileRef = 84028A601A64C598000F134D /* CLColorPickerView.m */; };
		84028A911A64C598000F134D /* CLImageEditorTheme+Private.m in Sources */ = {isa = PBXBuildFile; fileRef = 84028A621A64C598000F134D /* CLImageEditorTheme+Private.m */; };
		84028A921A64C598000F134D /* CLImageToolInfo+Private.m in Sources */ = {isa = PBXBuildFile; fileRef = 84028A641A64C598000F134D /* CLImageToolInfo+Private.m */; };
		84028A931A64C598000F134D /* CLToolbarMenuItem.m in Sources */ = {isa = PBXBuildFile; fileRef = 84028A681A64C598000F134D /* CLToolbarMenuItem.m */; };
		84028A941A64C598000F134D /* UIView+CLImageToolInfo.m in Sources */ = {isa = PBXBuildFile; fileRef = 84028A6A1A64C598000F134D /* UIView+CLImageToolInfo.m */; };
		84028A951A64C598000F134D /* CLClassList.m in Sources */ = {isa = PBXBuildFile; fileRef = 84028A6D1A64C598000F134D /* CLClassList.m */; };
		84028A961A64C598000F134D /* CLSplineInterpolator.m in Sources */ = {isa = PBXBuildFile; fileRef = 84028A6F1A64C598000F134D /* CLSplineInterpolator.m */; };
		84028A971A64C598000F134D /* UIDevice+SystemVersion.m in Sources */ = {isa = PBXBuildFile; fileRef = 84028A711A64C598000F134D /* UIDevice+SystemVersion.m */; };
		84028A981A64C598000F134D /* UIImage+Utility.m in Sources */ = {isa = PBXBuildFile; fileRef = 84028A731A64C598000F134D /* UIImage+Utility.m */; };
		84028A991A64C598000F134D /* UIView+Frame.m in Sources */ = {isa = PBXBuildFile; fileRef = 84028A751A64C598000F134D /* UIView+Frame.m */; };
		84028A9A1A64C598000F134D /* _CLImageEditorViewController.m in Sources */ = {isa = PBXBuildFile; fileRef = 84028A781A64C598000F134D /* _CLImageEditorViewController.m */; };
		84028A9E1A64D4BC000F134D /* MessageUI.framework in Frameworks */ = {isa = PBXBuildFile; fileRef = 84028A9D1A64D4BC000F134D /* MessageUI.framework */; };
		8475B8351A5F76A80027650D /* main.m in Sources */ = {isa = PBXBuildFile; fileRef = 8475B8341A5F76A80027650D /* main.m */; };
		8475B8381A5F76A80027650D /* AppDelegate.m in Sources */ = {isa = PBXBuildFile; fileRef = 8475B8371A5F76A80027650D /* AppDelegate.m */; };
		8475B83B1A5F76A80027650D /* ViewController.m in Sources */ = {isa = PBXBuildFile; fileRef = 8475B83A1A5F76A80027650D /* ViewController.m */; };
		8475B83E1A5F76A80027650D /* Main.storyboard in Resources */ = {isa = PBXBuildFile; fileRef = 8475B83C1A5F76A80027650D /* Main.storyboard */; };
		8475B8401A5F76A80027650D /* Images.xcassets in Resources */ = {isa = PBXBuildFile; fileRef = 8475B83F1A5F76A80027650D /* Images.xcassets */; };
		8475B8431A5F76A80027650D /* LaunchScreen.xib in Resources */ = {isa = PBXBuildFile; fileRef = 8475B8411A5F76A80027650D /* LaunchScreen.xib */; };
		8475B84F1A5F76A80027650D /* Images_Tests.m in Sources */ = {isa = PBXBuildFile; fileRef = 8475B84E1A5F76A80027650D /* Images_Tests.m */; };
		8475B8CE1A5F908B0027650D /* Accelerate.framework in Frameworks */ = {isa = PBXBuildFile; fileRef = 8475B8CD1A5F908B0027650D /* Accelerate.framework */; };
		8475B8D11A5F90BB0027650D /* CoreGraphics.framework in Frameworks */ = {isa = PBXBuildFile; fileRef = 8475B8CF1A5F90BB0027650D /* CoreGraphics.framework */; };
		8475B8D21A5F90BB0027650D /* CoreImage.framework in Frameworks */ = {isa = PBXBuildFile; fileRef = 8475B8D01A5F90BB0027650D /* CoreImage.framework */; };
/* End PBXBuildFile section */

/* Begin PBXContainerItemProxy section */
		8475B8491A5F76A80027650D /* PBXContainerItemProxy */ = {
			isa = PBXContainerItemProxy;
			containerPortal = 8475B8271A5F76A80027650D /* Project object */;
			proxyType = 1;
			remoteGlobalIDString = 8475B82E1A5F76A80027650D;
			remoteInfo = "Images+";
		};
/* End PBXContainerItemProxy section */

/* Begin PBXFileReference section */
		84028A271A64C598000F134D /* CLImageEditor.bundle */ = {isa = PBXFileReference; lastKnownFileType = "wrapper.plug-in"; path = CLImageEditor.bundle; sourceTree = "<group>"; };
		84028A281A64C598000F134D /* CLImageEditor.h */ = {isa = PBXFileReference; fileEncoding = 4; lastKnownFileType = sourcecode.c.h; path = CLImageEditor.h; sourceTree = "<group>"; };
		84028A291A64C598000F134D /* CLImageEditor.m */ = {isa = PBXFileReference; fileEncoding = 4; lastKnownFileType = sourcecode.c.objc; path = CLImageEditor.m; sourceTree = "<group>"; };
		84028A2A1A64C598000F134D /* CLImageEditorTheme.h */ = {isa = PBXFileReference; fileEncoding = 4; lastKnownFileType = sourcecode.c.h; path = CLImageEditorTheme.h; sourceTree = "<group>"; };
		84028A2B1A64C598000F134D /* CLImageEditorTheme.m */ = {isa = PBXFileReference; fileEncoding = 4; lastKnownFileType = sourcecode.c.objc; path = CLImageEditorTheme.m; sourceTree = "<group>"; };
		84028A2C1A64C598000F134D /* CLImageToolInfo.h */ = {isa = PBXFileReference; fileEncoding = 4; lastKnownFileType = sourcecode.c.h; path = CLImageToolInfo.h; sourceTree = "<group>"; };
		84028A2D1A64C598000F134D /* CLImageToolInfo.m */ = {isa = PBXFileReference; fileEncoding = 4; lastKnownFileType = sourcecode.c.objc; path = CLImageToolInfo.m; sourceTree = "<group>"; };
		84028A301A64C598000F134D /* CLAdjustmentTool.h */ = {isa = PBXFileReference; fileEncoding = 4; lastKnownFileType = sourcecode.c.h; path = CLAdjustmentTool.h; sourceTree = "<group>"; };
		84028A311A64C598000F134D /* CLAdjustmentTool.m */ = {isa = PBXFileReference; fileEncoding = 4; lastKnownFileType = sourcecode.c.objc; path = CLAdjustmentTool.m; sourceTree = "<group>"; };
		84028A331A64C598000F134D /* CLBlurTool.h */ = {isa = PBXFileReference; fileEncoding = 4; lastKnownFileType = sourcecode.c.h; path = CLBlurTool.h; sourceTree = "<group>"; };
		84028A341A64C598000F134D /* CLBlurTool.m */ = {isa = PBXFileReference; fileEncoding = 4; lastKnownFileType = sourcecode.c.objc; path = CLBlurTool.m; sourceTree = "<group>"; };
		84028A361A64C598000F134D /* CLClippingTool.h */ = {isa = PBXFileReference; fileEncoding = 4; lastKnownFileType = sourcecode.c.h; path = CLClippingTool.h; sourceTree = "<group>"; };
		84028A371A64C598000F134D /* CLClippingTool.m */ = {isa = PBXFileReference; fileEncoding = 4; lastKnownFileType = sourcecode.c.objc; path = CLClippingTool.m; sourceTree = "<group>"; };
		84028A391A64C598000F134D /* CLDrawTool.h */ = {isa = PBXFileReference; fileEncoding = 4; lastKnownFileType = sourcecode.c.h; path = CLDrawTool.h; sourceTree = "<group>"; };
		84028A3A1A64C598000F134D /* CLDrawTool.m */ = {isa = PBXFileReference; fileEncoding = 4; lastKnownFileType = sourcecode.c.objc; path = CLDrawTool.m; sourceTree = "<group>"; };
		84028A3D1A64C598000F134D /* CLBloomEffect.h */ = {isa = PBXFileReference; fileEncoding = 4; lastKnownFileType = sourcecode.c.h; path = CLBloomEffect.h; sourceTree = "<group>"; };
		84028A3E1A64C598000F134D /* CLBloomEffect.m */ = {isa = PBXFileReference; fileEncoding = 4; lastKnownFileType = sourcecode.c.objc; path = CLBloomEffect.m; sourceTree = "<group>"; };
		84028A3F1A64C598000F134D /* CLGloomEffect.h */ = {isa = PBXFileReference; fileEncoding = 4; lastKnownFileType = sourcecode.c.h; path = CLGloomEffect.h; sourceTree = "<group>"; };
		84028A401A64C598000F134D /* CLGloomEffect.m */ = {isa = PBXFileReference; fileEncoding = 4; lastKnownFileType = sourcecode.c.objc; path = CLGloomEffect.m; sourceTree = "<group>"; };
		84028A411A64C598000F134D /* CLHighlightShadowEffect.h */ = {isa = PBXFileReference; fileEncoding = 4; lastKnownFileType = sourcecode.c.h; path = CLHighlightShadowEffect.h; sourceTree = "<group>"; };
		84028A421A64C598000F134D /* CLHighlightShadowEffect.m */ = {isa = PBXFileReference; fileEncoding = 4; lastKnownFileType = sourcecode.c.objc; path = CLHighlightShadowEffect.m; sourceTree = "<group>"; };
		84028A431A64C598000F134D /* CLHueEffect.h */ = {isa = PBXFileReference; fileEncoding = 4; lastKnownFileType = sourcecode.c.h; path = CLHueEffect.h; sourceTree = "<group>"; };
		84028A441A64C598000F134D /* CLHueEffect.m */ = {isa = PBXFileReference; fileEncoding = 4; lastKnownFileType = sourcecode.c.objc; path = CLHueEffect.m; sourceTree = "<group>"; };
		84028A451A64C598000F134D /* CLPixellateEffect.h */ = {isa = PBXFileReference; fileEncoding = 4; lastKnownFileType = sourcecode.c.h; path = CLPixellateEffect.h; sourceTree = "<group>"; };
		84028A461A64C598000F134D /* CLPixellateEffect.m */ = {isa = PBXFileReference; fileEncoding = 4; lastKnownFileType = sourcecode.c.objc; path = CLPixellateEffect.m; sourceTree = "<group>"; };
		84028A471A64C598000F134D /* CLPosterizeEffect.h */ = {isa = PBXFileReference; fileEncoding = 4; lastKnownFileType = sourcecode.c.h; path = CLPosterizeEffect.h; sourceTree = "<group>"; };
		84028A481A64C598000F134D /* CLPosterizeEffect.m */ = {isa = PBXFileReference; fileEncoding = 4; lastKnownFileType = sourcecode.c.objc; path = CLPosterizeEffect.m; sourceTree = "<group>"; };
		84028A491A64C598000F134D /* CLSpotEffect.h */ = {isa = PBXFileReference; fileEncoding = 4; lastKnownFileType = sourcecode.c.h; path = CLSpotEffect.h; sourceTree = "<group>"; };
		84028A4A1A64C598000F134D /* CLSpotEffect.m */ = {isa = PBXFileReference; fileEncoding = 4; lastKnownFileType = sourcecode.c.objc; path = CLSpotEffect.m; sourceTree = "<group>"; };
		84028A4B1A64C598000F134D /* CLEffectBase.h */ = {isa = PBXFileReference; fileEncoding = 4; lastKnownFileType = sourcecode.c.h; path = CLEffectBase.h; sourceTree = "<group>"; };
		84028A4C1A64C598000F134D /* CLEffectBase.m */ = {isa = PBXFileReference; fileEncoding = 4; lastKnownFileType = sourcecode.c.objc; path = CLEffectBase.m; sourceTree = "<group>"; };
		84028A4D1A64C598000F134D /* CLEffectTool.h */ = {isa = PBXFileReference; fileEncoding = 4; lastKnownFileType = sourcecode.c.h; path = CLEffectTool.h; sourceTree = "<group>"; };
		84028A4E1A64C598000F134D /* CLEffectTool.m */ = {isa = PBXFileReference; fileEncoding = 4; lastKnownFileType = sourcecode.c.objc; path = CLEffectTool.m; sourceTree = "<group>"; };
		84028A501A64C598000F134D /* CLFilterBase.h */ = {isa = PBXFileReference; fileEncoding = 4; lastKnownFileType = sourcecode.c.h; path = CLFilterBase.h; sourceTree = "<group>"; };
		84028A511A64C598000F134D /* CLFilterBase.m */ = {isa = PBXFileReference; fileEncoding = 4; lastKnownFileType = sourcecode.c.objc; path = CLFilterBase.m; sourceTree = "<group>"; };
		84028A521A64C598000F134D /* CLFilterTool.h */ = {isa = PBXFileReference; fileEncoding = 4; lastKnownFileType = sourcecode.c.h; path = CLFilterTool.h; sourceTree = "<group>"; };
		84028A531A64C598000F134D /* CLFilterTool.m */ = {isa = PBXFileReference; fileEncoding = 4; lastKnownFileType = sourcecode.c.objc; path = CLFilterTool.m; sourceTree = "<group>"; };
		84028A541A64C598000F134D /* CLImageToolBase.h */ = {isa = PBXFileReference; fileEncoding = 4; lastKnownFileType = sourcecode.c.h; path = CLImageToolBase.h; sourceTree = "<group>"; };
		84028A551A64C598000F134D /* CLImageToolBase.m */ = {isa = PBXFileReference; fileEncoding = 4; lastKnownFileType = sourcecode.c.objc; path = CLImageToolBase.m; sourceTree = "<group>"; };
		84028A571A64C598000F134D /* CLRotateTool.h */ = {isa = PBXFileReference; fileEncoding = 4; lastKnownFileType = sourcecode.c.h; path = CLRotateTool.h; sourceTree = "<group>"; };
		84028A581A64C598000F134D /* CLRotateTool.m */ = {isa = PBXFileReference; fileEncoding = 4; lastKnownFileType = sourcecode.c.objc; path = CLRotateTool.m; sourceTree = "<group>"; };
		84028A5A1A64C598000F134D /* CLToneCurveTool.h */ = {isa = PBXFileReference; fileEncoding = 4; lastKnownFileType = sourcecode.c.h; path = CLToneCurveTool.h; sourceTree = "<group>"; };
		84028A5B1A64C598000F134D /* CLToneCurveTool.m */ = {isa = PBXFileReference; fileEncoding = 4; lastKnownFileType = sourcecode.c.objc; path = CLToneCurveTool.m; sourceTree = "<group>"; };
		84028A5D1A64C598000F134D /* CLCircleView.h */ = {isa = PBXFileReference; fileEncoding = 4; lastKnownFileType = sourcecode.c.h; path = CLCircleView.h; sourceTree = "<group>"; };
		84028A5E1A64C598000F134D /* CLCircleView.m */ = {isa = PBXFileReference; fileEncoding = 4; lastKnownFileType = sourcecode.c.objc; path = CLCircleView.m; sourceTree = "<group>"; };
		84028A5F1A64C598000F134D /* CLColorPickerView.h */ = {isa = PBXFileReference; fileEncoding = 4; lastKnownFileType = sourcecode.c.h; path = CLColorPickerView.h; sourceTree = "<group>"; };
		84028A601A64C598000F134D /* CLColorPickerView.m */ = {isa = PBXFileReference; fileEncoding = 4; lastKnownFileType = sourcecode.c.objc; path = CLColorPickerView.m; sourceTree = "<group>"; };
		84028A611A64C598000F134D /* CLImageEditorTheme+Private.h */ = {isa = PBXFileReference; fileEncoding = 4; lastKnownFileType = sourcecode.c.h; path = "CLImageEditorTheme+Private.h"; sourceTree = "<group>"; };
		84028A621A64C598000F134D /* CLImageEditorTheme+Private.m */ = {isa = PBXFileReference; fileEncoding = 4; lastKnownFileType = sourcecode.c.objc; path = "CLImageEditorTheme+Private.m"; sourceTree = "<group>"; };
		84028A631A64C598000F134D /* CLImageToolInfo+Private.h */ = {isa = PBXFileReference; fileEncoding = 4; lastKnownFileType = sourcecode.c.h; path = "CLImageToolInfo+Private.h"; sourceTree = "<group>"; };
		84028A641A64C598000F134D /* CLImageToolInfo+Private.m */ = {isa = PBXFileReference; fileEncoding = 4; lastKnownFileType = sourcecode.c.objc; path = "CLImageToolInfo+Private.m"; sourceTree = "<group>"; };
		84028A651A64C598000F134D /* CLImageToolProtocol.h */ = {isa = PBXFileReference; fileEncoding = 4; lastKnownFileType = sourcecode.c.h; path = CLImageToolProtocol.h; sourceTree = "<group>"; };
		84028A661A64C598000F134D /* CLImageToolSettings.h */ = {isa = PBXFileReference; fileEncoding = 4; lastKnownFileType = sourcecode.c.h; path = CLImageToolSettings.h; sourceTree = "<group>"; };
		84028A671A64C598000F134D /* CLToolbarMenuItem.h */ = {isa = PBXFileReference; fileEncoding = 4; lastKnownFileType = sourcecode.c.h; path = CLToolbarMenuItem.h; sourceTree = "<group>"; };
		84028A681A64C598000F134D /* CLToolbarMenuItem.m */ = {isa = PBXFileReference; fileEncoding = 4; lastKnownFileType = sourcecode.c.objc; path = CLToolbarMenuItem.m; sourceTree = "<group>"; };
		84028A691A64C598000F134D /* UIView+CLImageToolInfo.h */ = {isa = PBXFileReference; fileEncoding = 4; lastKnownFileType = sourcecode.c.h; path = "UIView+CLImageToolInfo.h"; sourceTree = "<group>"; };
		84028A6A1A64C598000F134D /* UIView+CLImageToolInfo.m */ = {isa = PBXFileReference; fileEncoding = 4; lastKnownFileType = sourcecode.c.objc; path = "UIView+CLImageToolInfo.m"; sourceTree = "<group>"; };
		84028A6C1A64C598000F134D /* CLClassList.h */ = {isa = PBXFileReference; fileEncoding = 4; lastKnownFileType = sourcecode.c.h; path = CLClassList.h; sourceTree = "<group>"; };
		84028A6D1A64C598000F134D /* CLClassList.m */ = {isa = PBXFileReference; fileEncoding = 4; lastKnownFileType = sourcecode.c.objc; path = CLClassList.m; sourceTree = "<group>"; };
		84028A6E1A64C598000F134D /* CLSplineInterpolator.h */ = {isa = PBXFileReference; fileEncoding = 4; lastKnownFileType = sourcecode.c.h; path = CLSplineInterpolator.h; sourceTree = "<group>"; };
		84028A6F1A64C598000F134D /* CLSplineInterpolator.m */ = {isa = PBXFileReference; fileEncoding = 4; lastKnownFileType = sourcecode.c.objc; path = CLSplineInterpolator.m; sourceTree = "<group>"; };
		84028A701A64C598000F134D /* UIDevice+SystemVersion.h */ = {isa = PBXFileReference; fileEncoding = 4; lastKnownFileType = sourcecode.c.h; path = "UIDevice+SystemVersion.h"; sourceTree = "<group>"; };
		84028A711A64C598000F134D /* UIDevice+SystemVersion.m */ = {isa = PBXFileReference; fileEncoding = 4; lastKnownFileType = sourcecode.c.objc; path = "UIDevice+SystemVersion.m"; sourceTree = "<group>"; };
		84028A721A64C598000F134D /* UIImage+Utility.h */ = {isa = PBXFileReference; fileEncoding = 4; lastKnownFileType = sourcecode.c.h; path = "UIImage+Utility.h"; sourceTree = "<group>"; };
		84028A731A64C598000F134D /* UIImage+Utility.m */ = {isa = PBXFileReference; fileEncoding = 4; lastKnownFileType = sourcecode.c.objc; path = "UIImage+Utility.m"; sourceTree = "<group>"; };
		84028A741A64C598000F134D /* UIView+Frame.h */ = {isa = PBXFileReference; fileEncoding = 4; lastKnownFileType = sourcecode.c.h; path = "UIView+Frame.h"; sourceTree = "<group>"; };
		84028A751A64C598000F134D /* UIView+Frame.m */ = {isa = PBXFileReference; fileEncoding = 4; lastKnownFileType = sourcecode.c.objc; path = "UIView+Frame.m"; sourceTree = "<group>"; };
		84028A771A64C598000F134D /* _CLImageEditorViewController.h */ = {isa = PBXFileReference; fileEncoding = 4; lastKnownFileType = sourcecode.c.h; path = _CLImageEditorViewController.h; sourceTree = "<group>"; };
		84028A781A64C598000F134D /* _CLImageEditorViewController.m */ = {isa = PBXFileReference; fileEncoding = 4; lastKnownFileType = sourcecode.c.objc; path = _CLImageEditorViewController.m; sourceTree = "<group>"; };
		84028A9D1A64D4BC000F134D /* MessageUI.framework */ = {isa = PBXFileReference; lastKnownFileType = wrapper.framework; name = MessageUI.framework; path = System/Library/Frameworks/MessageUI.framework; sourceTree = SDKROOT; };
		8475B82F1A5F76A80027650D /* Images+.app */ = {isa = PBXFileReference; explicitFileType = wrapper.application; includeInIndex = 0; path = "Images+.app"; sourceTree = BUILT_PRODUCTS_DIR; };
		8475B8331A5F76A80027650D /* Info.plist */ = {isa = PBXFileReference; lastKnownFileType = text.plist.xml; path = Info.plist; sourceTree = "<group>"; };
		8475B8341A5F76A80027650D /* main.m */ = {isa = PBXFileReference; lastKnownFileType = sourcecode.c.objc; path = main.m; sourceTree = "<group>"; };
		8475B8361A5F76A80027650D /* AppDelegate.h */ = {isa = PBXFileReference; lastKnownFileType = sourcecode.c.h; path = AppDelegate.h; sourceTree = "<group>"; };
		8475B8371A5F76A80027650D /* AppDelegate.m */ = {isa = PBXFileReference; lastKnownFileType = sourcecode.c.objc; path = AppDelegate.m; sourceTree = "<group>"; };
		8475B8391A5F76A80027650D /* ViewController.h */ = {isa = PBXFileReference; lastKnownFileType = sourcecode.c.h; path = ViewController.h; sourceTree = "<group>"; };
		8475B83A1A5F76A80027650D /* ViewController.m */ = {isa = PBXFileReference; lastKnownFileType = sourcecode.c.objc; path = ViewController.m; sourceTree = "<group>"; };
		8475B83D1A5F76A80027650D /* Base */ = {isa = PBXFileReference; lastKnownFileType = file.storyboard; name = Base; path = Base.lproj/Main.storyboard; sourceTree = "<group>"; };
		8475B83F1A5F76A80027650D /* Images.xcassets */ = {isa = PBXFileReference; lastKnownFileType = folder.assetcatalog; path = Images.xcassets; sourceTree = "<group>"; };
		8475B8421A5F76A80027650D /* Base */ = {isa = PBXFileReference; lastKnownFileType = file.xib; name = Base; path = Base.lproj/LaunchScreen.xib; sourceTree = "<group>"; };
		8475B8481A5F76A80027650D /* Images+Tests.xctest */ = {isa = PBXFileReference; explicitFileType = wrapper.cfbundle; includeInIndex = 0; path = "Images+Tests.xctest"; sourceTree = BUILT_PRODUCTS_DIR; };
		8475B84D1A5F76A80027650D /* Info.plist */ = {isa = PBXFileReference; lastKnownFileType = text.plist.xml; path = Info.plist; sourceTree = "<group>"; };
		8475B84E1A5F76A80027650D /* Images_Tests.m */ = {isa = PBXFileReference; lastKnownFileType = sourcecode.c.objc; path = Images_Tests.m; sourceTree = "<group>"; };
		8475B8CD1A5F908B0027650D /* Accelerate.framework */ = {isa = PBXFileReference; lastKnownFileType = wrapper.framework; name = Accelerate.framework; path = System/Library/Frameworks/Accelerate.framework; sourceTree = SDKROOT; };
		8475B8CF1A5F90BB0027650D /* CoreGraphics.framework */ = {isa = PBXFileReference; lastKnownFileType = wrapper.framework; name = CoreGraphics.framework; path = System/Library/Frameworks/CoreGraphics.framework; sourceTree = SDKROOT; };
		8475B8D01A5F90BB0027650D /* CoreImage.framework */ = {isa = PBXFileReference; lastKnownFileType = wrapper.framework; name = CoreImage.framework; path = System/Library/Frameworks/CoreImage.framework; sourceTree = SDKROOT; };
/* End PBXFileReference section */

/* Begin PBXFrameworksBuildPhase section */
		8475B82C1A5F76A80027650D /* Frameworks */ = {
			isa = PBXFrameworksBuildPhase;
			buildActionMask = 2147483647;
			files = (
				84028A9E1A64D4BC000F134D /* MessageUI.framework in Frameworks */,
				8475B8D11A5F90BB0027650D /* CoreGraphics.framework in Frameworks */,
				8475B8D21A5F90BB0027650D /* CoreImage.framework in Frameworks */,
				8475B8CE1A5F908B0027650D /* Accelerate.framework in Frameworks */,
			);
			runOnlyForDeploymentPostprocessing = 0;
		};
		8475B8451A5F76A80027650D /* Frameworks */ = {
			isa = PBXFrameworksBuildPhase;
			buildActionMask = 2147483647;
			files = (
			);
			runOnlyForDeploymentPostprocessing = 0;
		};
/* End PBXFrameworksBuildPhase section */

/* Begin PBXGroup section */
		84028A261A64C598000F134D /* CLImageEditor */ = {
			isa = PBXGroup;
			children = (
				84028A271A64C598000F134D /* CLImageEditor.bundle */,
				84028A281A64C598000F134D /* CLImageEditor.h */,
				84028A291A64C598000F134D /* CLImageEditor.m */,
				84028A2A1A64C598000F134D /* CLImageEditorTheme.h */,
				84028A2B1A64C598000F134D /* CLImageEditorTheme.m */,
				84028A2C1A64C598000F134D /* CLImageToolInfo.h */,
				84028A2D1A64C598000F134D /* CLImageToolInfo.m */,
				84028A2E1A64C598000F134D /* ImageTools */,
				84028A6B1A64C598000F134D /* Utils */,
				84028A761A64C598000F134D /* ViewController */,
			);
			path = CLImageEditor;
			sourceTree = "<group>";
		};
		84028A2E1A64C598000F134D /* ImageTools */ = {
			isa = PBXGroup;
			children = (
				84028A2F1A64C598000F134D /* CLAdjustmentTool */,
				84028A321A64C598000F134D /* CLBlurTool */,
				84028A351A64C598000F134D /* CLClippingTool */,
				84028A381A64C598000F134D /* CLDrawTool */,
				84028A3B1A64C598000F134D /* CLEffectTool */,
				84028A4F1A64C598000F134D /* CLFilterTool */,
				84028A541A64C598000F134D /* CLImageToolBase.h */,
				84028A551A64C598000F134D /* CLImageToolBase.m */,
				84028A561A64C598000F134D /* CLRotateTool */,
				84028A591A64C598000F134D /* CLToneCurveTool */,
				84028A5C1A64C598000F134D /* ToolSettings */,
			);
			path = ImageTools;
			sourceTree = "<group>";
		};
		84028A2F1A64C598000F134D /* CLAdjustmentTool */ = {
			isa = PBXGroup;
			children = (
				84028A301A64C598000F134D /* CLAdjustmentTool.h */,
				84028A311A64C598000F134D /* CLAdjustmentTool.m */,
			);
			path = CLAdjustmentTool;
			sourceTree = "<group>";
		};
		84028A321A64C598000F134D /* CLBlurTool */ = {
			isa = PBXGroup;
			children = (
				84028A331A64C598000F134D /* CLBlurTool.h */,
				84028A341A64C598000F134D /* CLBlurTool.m */,
			);
			path = CLBlurTool;
			sourceTree = "<group>";
		};
		84028A351A64C598000F134D /* CLClippingTool */ = {
			isa = PBXGroup;
			children = (
				84028A361A64C598000F134D /* CLClippingTool.h */,
				84028A371A64C598000F134D /* CLClippingTool.m */,
			);
			path = CLClippingTool;
			sourceTree = "<group>";
		};
		84028A381A64C598000F134D /* CLDrawTool */ = {
			isa = PBXGroup;
			children = (
				84028A391A64C598000F134D /* CLDrawTool.h */,
				84028A3A1A64C598000F134D /* CLDrawTool.m */,
			);
			path = CLDrawTool;
			sourceTree = "<group>";
		};
		84028A3B1A64C598000F134D /* CLEffectTool */ = {
			isa = PBXGroup;
			children = (
				84028A3C1A64C598000F134D /* CLEffect */,
				84028A4B1A64C598000F134D /* CLEffectBase.h */,
				84028A4C1A64C598000F134D /* CLEffectBase.m */,
				84028A4D1A64C598000F134D /* CLEffectTool.h */,
				84028A4E1A64C598000F134D /* CLEffectTool.m */,
			);
			path = CLEffectTool;
			sourceTree = "<group>";
		};
		84028A3C1A64C598000F134D /* CLEffect */ = {
			isa = PBXGroup;
			children = (
				84028A3D1A64C598000F134D /* CLBloomEffect.h */,
				84028A3E1A64C598000F134D /* CLBloomEffect.m */,
				84028A3F1A64C598000F134D /* CLGloomEffect.h */,
				84028A401A64C598000F134D /* CLGloomEffect.m */,
				84028A411A64C598000F134D /* CLHighlightShadowEffect.h */,
				84028A421A64C598000F134D /* CLHighlightShadowEffect.m */,
				84028A431A64C598000F134D /* CLHueEffect.h */,
				84028A441A64C598000F134D /* CLHueEffect.m */,
				84028A451A64C598000F134D /* CLPixellateEffect.h */,
				84028A461A64C598000F134D /* CLPixellateEffect.m */,
				84028A471A64C598000F134D /* CLPosterizeEffect.h */,
				84028A481A64C598000F134D /* CLPosterizeEffect.m */,
				84028A491A64C598000F134D /* CLSpotEffect.h */,
				84028A4A1A64C598000F134D /* CLSpotEffect.m */,
			);
			path = CLEffect;
			sourceTree = "<group>";
		};
		84028A4F1A64C598000F134D /* CLFilterTool */ = {
			isa = PBXGroup;
			children = (
				84028A501A64C598000F134D /* CLFilterBase.h */,
				84028A511A64C598000F134D /* CLFilterBase.m */,
				84028A521A64C598000F134D /* CLFilterTool.h */,
				84028A531A64C598000F134D /* CLFilterTool.m */,
			);
			path = CLFilterTool;
			sourceTree = "<group>";
		};
		84028A561A64C598000F134D /* CLRotateTool */ = {
			isa = PBXGroup;
			children = (
				84028A571A64C598000F134D /* CLRotateTool.h */,
				84028A581A64C598000F134D /* CLRotateTool.m */,
			);
			path = CLRotateTool;
			sourceTree = "<group>";
		};
		84028A591A64C598000F134D /* CLToneCurveTool */ = {
			isa = PBXGroup;
			children = (
				84028A5A1A64C598000F134D /* CLToneCurveTool.h */,
				84028A5B1A64C598000F134D /* CLToneCurveTool.m */,
			);
			path = CLToneCurveTool;
			sourceTree = "<group>";
		};
		84028A5C1A64C598000F134D /* ToolSettings */ = {
			isa = PBXGroup;
			children = (
				84028A5D1A64C598000F134D /* CLCircleView.h */,
				84028A5E1A64C598000F134D /* CLCircleView.m */,
				84028A5F1A64C598000F134D /* CLColorPickerView.h */,
				84028A601A64C598000F134D /* CLColorPickerView.m */,
				84028A611A64C598000F134D /* CLImageEditorTheme+Private.h */,
				84028A621A64C598000F134D /* CLImageEditorTheme+Private.m */,
				84028A631A64C598000F134D /* CLImageToolInfo+Private.h */,
				84028A641A64C598000F134D /* CLImageToolInfo+Private.m */,
				84028A651A64C598000F134D /* CLImageToolProtocol.h */,
				84028A661A64C598000F134D /* CLImageToolSettings.h */,
				84028A671A64C598000F134D /* CLToolbarMenuItem.h */,
				84028A681A64C598000F134D /* CLToolbarMenuItem.m */,
				84028A691A64C598000F134D /* UIView+CLImageToolInfo.h */,
				84028A6A1A64C598000F134D /* UIView+CLImageToolInfo.m */,
			);
			path = ToolSettings;
			sourceTree = "<group>";
		};
		84028A6B1A64C598000F134D /* Utils */ = {
			isa = PBXGroup;
			children = (
				84028A6C1A64C598000F134D /* CLClassList.h */,
				84028A6D1A64C598000F134D /* CLClassList.m */,
				84028A6E1A64C598000F134D /* CLSplineInterpolator.h */,
				84028A6F1A64C598000F134D /* CLSplineInterpolator.m */,
				84028A701A64C598000F134D /* UIDevice+SystemVersion.h */,
				84028A711A64C598000F134D /* UIDevice+SystemVersion.m */,
				84028A721A64C598000F134D /* UIImage+Utility.h */,
				84028A731A64C598000F134D /* UIImage+Utility.m */,
				84028A741A64C598000F134D /* UIView+Frame.h */,
				84028A751A64C598000F134D /* UIView+Frame.m */,
			);
			path = Utils;
			sourceTree = "<group>";
		};
		84028A761A64C598000F134D /* ViewController */ = {
			isa = PBXGroup;
			children = (
				84028A771A64C598000F134D /* _CLImageEditorViewController.h */,
				84028A781A64C598000F134D /* _CLImageEditorViewController.m */,
			);
			path = ViewController;
			sourceTree = "<group>";
		};
		84028A9C1A64C5AE000F134D /* Third Party */ = {
			isa = PBXGroup;
			children = (
				84028A261A64C598000F134D /* CLImageEditor */,
			);
			name = "Third Party";
			sourceTree = "<group>";
		};
		8475B8261A5F76A80027650D = {
			isa = PBXGroup;
			children = (
				84028A9D1A64D4BC000F134D /* MessageUI.framework */,
				8475B8CF1A5F90BB0027650D /* CoreGraphics.framework */,
				8475B8D01A5F90BB0027650D /* CoreImage.framework */,
				8475B8CD1A5F908B0027650D /* Accelerate.framework */,
				8475B8311A5F76A80027650D /* Images+ */,
				8475B84B1A5F76A80027650D /* Images+Tests */,
				8475B8301A5F76A80027650D /* Products */,
			);
			sourceTree = "<group>";
		};
		8475B8301A5F76A80027650D /* Products */ = {
			isa = PBXGroup;
			children = (
				8475B82F1A5F76A80027650D /* Images+.app */,
				8475B8481A5F76A80027650D /* Images+Tests.xctest */,
			);
			name = Products;
			sourceTree = "<group>";
		};
		8475B8311A5F76A80027650D /* Images+ */ = {
			isa = PBXGroup;
			children = (
				84028A9C1A64C5AE000F134D /* Third Party */,
				8475B8361A5F76A80027650D /* AppDelegate.h */,
				8475B8371A5F76A80027650D /* AppDelegate.m */,
				8475B8391A5F76A80027650D /* ViewController.h */,
				8475B83A1A5F76A80027650D /* ViewController.m */,
				8475B83C1A5F76A80027650D /* Main.storyboard */,
				8475B83F1A5F76A80027650D /* Images.xcassets */,
				8475B8411A5F76A80027650D /* LaunchScreen.xib */,
				8475B8321A5F76A80027650D /* Supporting Files */,
			);
			path = "Images+";
			sourceTree = "<group>";
		};
		8475B8321A5F76A80027650D /* Supporting Files */ = {
			isa = PBXGroup;
			children = (
				8475B8331A5F76A80027650D /* Info.plist */,
				8475B8341A5F76A80027650D /* main.m */,
			);
			name = "Supporting Files";
			sourceTree = "<group>";
		};
		8475B84B1A5F76A80027650D /* Images+Tests */ = {
			isa = PBXGroup;
			children = (
				8475B84E1A5F76A80027650D /* Images_Tests.m */,
				8475B84C1A5F76A80027650D /* Supporting Files */,
			);
			path = "Images+Tests";
			sourceTree = "<group>";
		};
		8475B84C1A5F76A80027650D /* Supporting Files */ = {
			isa = PBXGroup;
			children = (
				8475B84D1A5F76A80027650D /* Info.plist */,
			);
			name = "Supporting Files";
			sourceTree = "<group>";
		};
/* End PBXGroup section */

/* Begin PBXNativeTarget section */
		8475B82E1A5F76A80027650D /* Images+ */ = {
			isa = PBXNativeTarget;
			buildConfigurationList = 8475B8521A5F76A80027650D /* Build configuration list for PBXNativeTarget "Images+" */;
			buildPhases = (
				8475B82B1A5F76A80027650D /* Sources */,
				8475B82C1A5F76A80027650D /* Frameworks */,
				8475B82D1A5F76A80027650D /* Resources */,
			);
			buildRules = (
			);
			dependencies = (
			);
			name = "Images+";
			productName = "Images+";
			productReference = 8475B82F1A5F76A80027650D /* Images+.app */;
			productType = "com.apple.product-type.application";
		};
		8475B8471A5F76A80027650D /* Images+Tests */ = {
			isa = PBXNativeTarget;
			buildConfigurationList = 8475B8551A5F76A80027650D /* Build configuration list for PBXNativeTarget "Images+Tests" */;
			buildPhases = (
				8475B8441A5F76A80027650D /* Sources */,
				8475B8451A5F76A80027650D /* Frameworks */,
				8475B8461A5F76A80027650D /* Resources */,
			);
			buildRules = (
			);
			dependencies = (
				8475B84A1A5F76A80027650D /* PBXTargetDependency */,
			);
			name = "Images+Tests";
			productName = "Images+Tests";
			productReference = 8475B8481A5F76A80027650D /* Images+Tests.xctest */;
			productType = "com.apple.product-type.bundle.unit-test";
		};
/* End PBXNativeTarget section */

/* Begin PBXProject section */
		8475B8271A5F76A80027650D /* Project object */ = {
			isa = PBXProject;
			attributes = {
				LastUpgradeCheck = 0610;
				ORGANIZATIONNAME = "Erick Bennett";
				TargetAttributes = {
					8475B82E1A5F76A80027650D = {
						CreatedOnToolsVersion = 6.1.1;
					};
					8475B8471A5F76A80027650D = {
						CreatedOnToolsVersion = 6.1.1;
						TestTargetID = 8475B82E1A5F76A80027650D;
					};
				};
			};
			buildConfigurationList = 8475B82A1A5F76A80027650D /* Build configuration list for PBXProject "Images+" */;
			compatibilityVersion = "Xcode 3.2";
			developmentRegion = English;
			hasScannedForEncodings = 0;
			knownRegions = (
				en,
				Base,
			);
			mainGroup = 8475B8261A5F76A80027650D;
			productRefGroup = 8475B8301A5F76A80027650D /* Products */;
			projectDirPath = "";
			projectRoot = "";
			targets = (
				8475B82E1A5F76A80027650D /* Images+ */,
				8475B8471A5F76A80027650D /* Images+Tests */,
			);
		};
/* End PBXProject section */

/* Begin PBXResourcesBuildPhase section */
		8475B82D1A5F76A80027650D /* Resources */ = {
			isa = PBXResourcesBuildPhase;
			buildActionMask = 2147483647;
			files = (
				8475B83E1A5F76A80027650D /* Main.storyboard in Resources */,
				84028A791A64C598000F134D /* CLImageEditor.bundle in Resources */,
				8475B8431A5F76A80027650D /* LaunchScreen.xib in Resources */,
				8475B8401A5F76A80027650D /* Images.xcassets in Resources */,
			);
			runOnlyForDeploymentPostprocessing = 0;
		};
		8475B8461A5F76A80027650D /* Resources */ = {
			isa = PBXResourcesBuildPhase;
			buildActionMask = 2147483647;
			files = (
			);
			runOnlyForDeploymentPostprocessing = 0;
		};
/* End PBXResourcesBuildPhase section */

/* Begin PBXSourcesBuildPhase section */
		8475B82B1A5F76A80027650D /* Sources */ = {
			isa = PBXSourcesBuildPhase;
			buildActionMask = 2147483647;
			files = (
				84028A811A64C598000F134D /* CLBloomEffect.m in Sources */,
				84028A8C1A64C598000F134D /* CLImageToolBase.m in Sources */,
				84028A871A64C598000F134D /* CLSpotEffect.m in Sources */,
				84028A991A64C598000F134D /* UIView+Frame.m in Sources */,
				84028A9A1A64C598000F134D /* _CLImageEditorViewController.m in Sources */,
				84028A881A64C598000F134D /* CLEffectBase.m in Sources */,
				84028A981A64C598000F134D /* UIImage+Utility.m in Sources */,
				84028A891A64C598000F134D /* CLEffectTool.m in Sources */,
				84028A801A64C598000F134D /* CLDrawTool.m in Sources */,
				84028A951A64C598000F134D /* CLClassList.m in Sources */,
				84028A7C1A64C598000F134D /* CLImageToolInfo.m in Sources */,
				84028A7E1A64C598000F134D /* CLBlurTool.m in Sources */,
				84028A931A64C598000F134D /* CLToolbarMenuItem.m in Sources */,
				84028A821A64C598000F134D /* CLGloomEffect.m in Sources */,
				8475B83B1A5F76A80027650D /* ViewController.m in Sources */,
				84028A851A64C598000F134D /* CLPixellateEffect.m in Sources */,
				84028A7D1A64C598000F134D /* CLAdjustmentTool.m in Sources */,
				84028A961A64C598000F134D /* CLSplineInterpolator.m in Sources */,
				8475B8381A5F76A80027650D /* AppDelegate.m in Sources */,
				84028A8B1A64C598000F134D /* CLFilterTool.m in Sources */,
				84028A911A64C598000F134D /* CLImageEditorTheme+Private.m in Sources */,
				84028A7F1A64C598000F134D /* CLClippingTool.m in Sources */,
				84028A8D1A64C598000F134D /* CLRotateTool.m in Sources */,
				84028A831A64C598000F134D /* CLHighlightShadowEffect.m in Sources */,
				84028A7B1A64C598000F134D /* CLImageEditorTheme.m in Sources */,
				8475B8351A5F76A80027650D /* main.m in Sources */,
				84028A841A64C598000F134D /* CLHueEffect.m in Sources */,
				84028A8F1A64C598000F134D /* CLCircleView.m in Sources */,
				84028A941A64C598000F134D /* UIView+CLImageToolInfo.m in Sources */,
				84028A901A64C598000F134D /* CLColorPickerView.m in Sources */,
				84028A8E1A64C598000F134D /* CLToneCurveTool.m in Sources */,
				84028A8A1A64C598000F134D /* CLFilterBase.m in Sources */,
				84028A7A1A64C598000F134D /* CLImageEditor.m in Sources */,
				84028A921A64C598000F134D /* CLImageToolInfo+Private.m in Sources */,
				84028A971A64C598000F134D /* UIDevice+SystemVersion.m in Sources */,
				84028A861A64C598000F134D /* CLPosterizeEffect.m in Sources */,
			);
			runOnlyForDeploymentPostprocessing = 0;
		};
		8475B8441A5F76A80027650D /* Sources */ = {
			isa = PBXSourcesBuildPhase;
			buildActionMask = 2147483647;
			files = (
				8475B84F1A5F76A80027650D /* Images_Tests.m in Sources */,
			);
			runOnlyForDeploymentPostprocessing = 0;
		};
/* End PBXSourcesBuildPhase section */

/* Begin PBXTargetDependency section */
		8475B84A1A5F76A80027650D /* PBXTargetDependency */ = {
			isa = PBXTargetDependency;
			target = 8475B82E1A5F76A80027650D /* Images+ */;
			targetProxy = 8475B8491A5F76A80027650D /* PBXContainerItemProxy */;
		};
/* End PBXTargetDependency section */

/* Begin PBXVariantGroup section */
		8475B83C1A5F76A80027650D /* Main.storyboard */ = {
			isa = PBXVariantGroup;
			children = (
				8475B83D1A5F76A80027650D /* Base */,
			);
			name = Main.storyboard;
			sourceTree = "<group>";
		};
		8475B8411A5F76A80027650D /* LaunchScreen.xib */ = {
			isa = PBXVariantGroup;
			children = (
				8475B8421A5F76A80027650D /* Base */,
			);
			name = LaunchScreen.xib;
			sourceTree = "<group>";
		};
/* End PBXVariantGroup section */

/* Begin XCBuildConfiguration section */
		8475B8501A5F76A80027650D /* Debug */ = {
			isa = XCBuildConfiguration;
			buildSettings = {
				ALWAYS_SEARCH_USER_PATHS = NO;
				CLANG_CXX_LANGUAGE_STANDARD = "gnu++0x";
				CLANG_CXX_LIBRARY = "libc++";
				CLANG_ENABLE_MODULES = YES;
				CLANG_ENABLE_OBJC_ARC = YES;
				CLANG_WARN_BOOL_CONVERSION = YES;
				CLANG_WARN_CONSTANT_CONVERSION = YES;
				CLANG_WARN_DIRECT_OBJC_ISA_USAGE = YES_ERROR;
				CLANG_WARN_EMPTY_BODY = YES;
				CLANG_WARN_ENUM_CONVERSION = YES;
				CLANG_WARN_INT_CONVERSION = YES;
				CLANG_WARN_OBJC_ROOT_CLASS = YES_ERROR;
				CLANG_WARN_UNREACHABLE_CODE = YES;
				CLANG_WARN__DUPLICATE_METHOD_MATCH = YES;
				"CODE_SIGN_IDENTITY[sdk=iphoneos*]" = "iPhone Developer";
				COPY_PHASE_STRIP = NO;
				ENABLE_STRICT_OBJC_MSGSEND = YES;
				GCC_C_LANGUAGE_STANDARD = gnu99;
				GCC_DYNAMIC_NO_PIC = NO;
				GCC_OPTIMIZATION_LEVEL = 0;
				GCC_PREPROCESSOR_DEFINITIONS = (
					"DEBUG=1",
					"$(inherited)",
				);
				GCC_SYMBOLS_PRIVATE_EXTERN = NO;
				GCC_WARN_64_TO_32_BIT_CONVERSION = YES;
				GCC_WARN_ABOUT_RETURN_TYPE = YES_ERROR;
				GCC_WARN_UNDECLARED_SELECTOR = YES;
				GCC_WARN_UNINITIALIZED_AUTOS = YES_AGGRESSIVE;
				GCC_WARN_UNUSED_FUNCTION = YES;
				GCC_WARN_UNUSED_VARIABLE = YES;
				IPHONEOS_DEPLOYMENT_TARGET = 8.1;
				MTL_ENABLE_DEBUG_INFO = YES;
				ONLY_ACTIVE_ARCH = YES;
				SDKROOT = iphoneos;
			};
			name = Debug;
		};
		8475B8511A5F76A80027650D /* Release */ = {
			isa = XCBuildConfiguration;
			buildSettings = {
				ALWAYS_SEARCH_USER_PATHS = NO;
				CLANG_CXX_LANGUAGE_STANDARD = "gnu++0x";
				CLANG_CXX_LIBRARY = "libc++";
				CLANG_ENABLE_MODULES = YES;
				CLANG_ENABLE_OBJC_ARC = YES;
				CLANG_WARN_BOOL_CONVERSION = YES;
				CLANG_WARN_CONSTANT_CONVERSION = YES;
				CLANG_WARN_DIRECT_OBJC_ISA_USAGE = YES_ERROR;
				CLANG_WARN_EMPTY_BODY = YES;
				CLANG_WARN_ENUM_CONVERSION = YES;
				CLANG_WARN_INT_CONVERSION = YES;
				CLANG_WARN_OBJC_ROOT_CLASS = YES_ERROR;
				CLANG_WARN_UNREACHABLE_CODE = YES;
				CLANG_WARN__DUPLICATE_METHOD_MATCH = YES;
				"CODE_SIGN_IDENTITY[sdk=iphoneos*]" = "iPhone Developer";
				COPY_PHASE_STRIP = YES;
				ENABLE_NS_ASSERTIONS = NO;
				ENABLE_STRICT_OBJC_MSGSEND = YES;
				GCC_C_LANGUAGE_STANDARD = gnu99;
				GCC_WARN_64_TO_32_BIT_CONVERSION = YES;
				GCC_WARN_ABOUT_RETURN_TYPE = YES_ERROR;
				GCC_WARN_UNDECLARED_SELECTOR = YES;
				GCC_WARN_UNINITIALIZED_AUTOS = YES_AGGRESSIVE;
				GCC_WARN_UNUSED_FUNCTION = YES;
				GCC_WARN_UNUSED_VARIABLE = YES;
				IPHONEOS_DEPLOYMENT_TARGET = 8.1;
				MTL_ENABLE_DEBUG_INFO = NO;
				SDKROOT = iphoneos;
				VALIDATE_PRODUCT = YES;
			};
			name = Release;
		};
		8475B8531A5F76A80027650D /* Debug */ = {
			isa = XCBuildConfiguration;
			buildSettings = {
				ASSETCATALOG_COMPILER_APPICON_NAME = AppIcon;
				INFOPLIST_FILE = "Images+/Info.plist";
				LD_RUNPATH_SEARCH_PATHS = "$(inherited) @executable_path/Frameworks";
				PRODUCT_NAME = "$(TARGET_NAME)";
			};
			name = Debug;
		};
		8475B8541A5F76A80027650D /* Release */ = {
			isa = XCBuildConfiguration;
			buildSettings = {
				ASSETCATALOG_COMPILER_APPICON_NAME = AppIcon;
				INFOPLIST_FILE = "Images+/Info.plist";
				LD_RUNPATH_SEARCH_PATHS = "$(inherited) @executable_path/Frameworks";
				PRODUCT_NAME = "$(TARGET_NAME)";
			};
			name = Release;
		};
		8475B8561A5F76A80027650D /* Debug */ = {
			isa = XCBuildConfiguration;
			buildSettings = {
				BUNDLE_LOADER = "$(TEST_HOST)";
				FRAMEWORK_SEARCH_PATHS = (
					"$(SDKROOT)/Developer/Library/Frameworks",
					"$(inherited)",
				);
				GCC_PREPROCESSOR_DEFINITIONS = (
					"DEBUG=1",
					"$(inherited)",
				);
				INFOPLIST_FILE = "Images+Tests/Info.plist";
				LD_RUNPATH_SEARCH_PATHS = "$(inherited) @executable_path/Frameworks @loader_path/Frameworks";
				PRODUCT_NAME = "$(TARGET_NAME)";
				TEST_HOST = "$(BUILT_PRODUCTS_DIR)/Images+.app/Images+";
			};
			name = Debug;
		};
		8475B8571A5F76A80027650D /* Release */ = {
			isa = XCBuildConfiguration;
			buildSettings = {
				BUNDLE_LOADER = "$(TEST_HOST)";
				FRAMEWORK_SEARCH_PATHS = (
					"$(SDKROOT)/Developer/Library/Frameworks",
					"$(inherited)",
				);
				INFOPLIST_FILE = "Images+Tests/Info.plist";
				LD_RUNPATH_SEARCH_PATHS = "$(inherited) @executable_path/Frameworks @loader_path/Frameworks";
				PRODUCT_NAME = "$(TARGET_NAME)";
				TEST_HOST = "$(BUILT_PRODUCTS_DIR)/Images+.app/Images+";
			};
			name = Release;
		};
/* End XCBuildConfiguration section */

/* Begin XCConfigurationList section */
		8475B82A1A5F76A80027650D /* Build configuration list for PBXProject "Images+" */ = {
			isa = XCConfigurationList;
			buildConfigurations = (
				8475B8501A5F76A80027650D /* Debug */,
				8475B8511A5F76A80027650D /* Release */,
			);
			defaultConfigurationIsVisible = 0;
			defaultConfigurationName = Release;
		};
		8475B8521A5F76A80027650D /* Build configuration list for PBXNativeTarget "Images+" */ = {
			isa = XCConfigurationList;
			buildConfigurations = (
				8475B8531A5F76A80027650D /* Debug */,
				8475B8541A5F76A80027650D /* Release */,
			);
			defaultConfigurationIsVisible = 0;
			defaultConfigurationName = Release;
		};
		8475B8551A5F76A80027650D /* Build configuration list for PBXNativeTarget "Images+Tests" */ = {
			isa = XCConfigurationList;
			buildConfigurations = (
				8475B8561A5F76A80027650D /* Debug */,
				8475B8571A5F76A80027650D /* Release */,
			);
			defaultConfigurationIsVisible = 0;
			defaultConfigurationName = Release;
		};
/* End XCConfigurationList section */
	};
	rootObject = 8475B8271A5F76A80027650D /* Project object */;
}
